// !$*UTF8*$!
{
	archiveVersion = 1;
	classes = {
	};
	objectVersion = 48;
	objects = {

/* Begin PBXBuildFile section */
		055642602011D6020035590B /* AppDelegate.m in Sources */ = {isa = PBXBuildFile; fileRef = 0556425F2011D6020035590B /* AppDelegate.m */; };
		055642632011D6020035590B /* ViewController.m in Sources */ = {isa = PBXBuildFile; fileRef = 055642622011D6020035590B /* ViewController.m */; };
		055642662011D6020035590B /* Main.storyboard in Resources */ = {isa = PBXBuildFile; fileRef = 055642642011D6020035590B /* Main.storyboard */; };
		055642682011D6020035590B /* Assets.xcassets in Resources */ = {isa = PBXBuildFile; fileRef = 055642672011D6020035590B /* Assets.xcassets */; };
		0556426B2011D6020035590B /* LaunchScreen.storyboard in Resources */ = {isa = PBXBuildFile; fileRef = 055642692011D6020035590B /* LaunchScreen.storyboard */; };
		0556426E2011D6020035590B /* main.m in Sources */ = {isa = PBXBuildFile; fileRef = 0556426D2011D6020035590B /* main.m */; };
		055642782011D6020035590B /* FFMoreItemsTests.m in Sources */ = {isa = PBXBuildFile; fileRef = 055642772011D6020035590B /* FFMoreItemsTests.m */; };
		055642832011D6020035590B /* FFMoreItemsUITests.m in Sources */ = {isa = PBXBuildFile; fileRef = 055642822011D6020035590B /* FFMoreItemsUITests.m */; };
		055642952011D6460035590B /* ItemScrollView.m in Sources */ = {isa = PBXBuildFile; fileRef = 055642932011D6460035590B /* ItemScrollView.m */; };
		055642962011D6460035590B /* SmallItemView.m in Sources */ = {isa = PBXBuildFile; fileRef = 055642942011D6460035590B /* SmallItemView.m */; };
		0943E28734ACCA3A9AF9D199 /* libPods-FFMoreItems.a in Frameworks */ = {isa = PBXBuildFile; fileRef = E6B83076ED1FE51ADE2BEDA2 /* libPods-FFMoreItems.a */; };
/* End PBXBuildFile section */

/* Begin PBXContainerItemProxy section */
		055642742011D6020035590B /* PBXContainerItemProxy */ = {
			isa = PBXContainerItemProxy;
			containerPortal = 055642532011D6020035590B /* Project object */;
			proxyType = 1;
			remoteGlobalIDString = 0556425A2011D6020035590B;
			remoteInfo = FFMoreItems;
		};
		0556427F2011D6020035590B /* PBXContainerItemProxy */ = {
			isa = PBXContainerItemProxy;
			containerPortal = 055642532011D6020035590B /* Project object */;
			proxyType = 1;
			remoteGlobalIDString = 0556425A2011D6020035590B;
			remoteInfo = FFMoreItems;
		};
/* End PBXContainerItemProxy section */

/* Begin PBXFileReference section */
		0556425B2011D6020035590B /* FFMoreItems.app */ = {isa = PBXFileReference; explicitFileType = wrapper.application; includeInIndex = 0; path = FFMoreItems.app; sourceTree = BUILT_PRODUCTS_DIR; };
		0556425E2011D6020035590B /* AppDelegate.h */ = {isa = PBXFileReference; lastKnownFileType = sourcecode.c.h; path = AppDelegate.h; sourceTree = "<group>"; };
		0556425F2011D6020035590B /* AppDelegate.m */ = {isa = PBXFileReference; lastKnownFileType = sourcecode.c.objc; path = AppDelegate.m; sourceTree = "<group>"; };
		055642612011D6020035590B /* ViewController.h */ = {isa = PBXFileReference; lastKnownFileType = sourcecode.c.h; path = ViewController.h; sourceTree = "<group>"; };
		055642622011D6020035590B /* ViewController.m */ = {isa = PBXFileReference; lastKnownFileType = sourcecode.c.objc; path = ViewController.m; sourceTree = "<group>"; };
		055642652011D6020035590B /* Base */ = {isa = PBXFileReference; lastKnownFileType = file.storyboard; name = Base; path = Base.lproj/Main.storyboard; sourceTree = "<group>"; };
		055642672011D6020035590B /* Assets.xcassets */ = {isa = PBXFileReference; lastKnownFileType = folder.assetcatalog; path = Assets.xcassets; sourceTree = "<group>"; };
		0556426A2011D6020035590B /* Base */ = {isa = PBXFileReference; lastKnownFileType = file.storyboard; name = Base; path = Base.lproj/LaunchScreen.storyboard; sourceTree = "<group>"; };
		0556426C2011D6020035590B /* Info.plist */ = {isa = PBXFileReference; lastKnownFileType = text.plist.xml; path = Info.plist; sourceTree = "<group>"; };
		0556426D2011D6020035590B /* main.m */ = {isa = PBXFileReference; lastKnownFileType = sourcecode.c.objc; path = main.m; sourceTree = "<group>"; };
		055642732011D6020035590B /* FFMoreItemsTests.xctest */ = {isa = PBXFileReference; explicitFileType = wrapper.cfbundle; includeInIndex = 0; path = FFMoreItemsTests.xctest; sourceTree = BUILT_PRODUCTS_DIR; };
		055642772011D6020035590B /* FFMoreItemsTests.m */ = {isa = PBXFileReference; lastKnownFileType = sourcecode.c.objc; path = FFMoreItemsTests.m; sourceTree = "<group>"; };
		055642792011D6020035590B /* Info.plist */ = {isa = PBXFileReference; lastKnownFileType = text.plist.xml; path = Info.plist; sourceTree = "<group>"; };
		0556427E2011D6020035590B /* FFMoreItemsUITests.xctest */ = {isa = PBXFileReference; explicitFileType = wrapper.cfbundle; includeInIndex = 0; path = FFMoreItemsUITests.xctest; sourceTree = BUILT_PRODUCTS_DIR; };
		055642822011D6020035590B /* FFMoreItemsUITests.m */ = {isa = PBXFileReference; lastKnownFileType = sourcecode.c.objc; path = FFMoreItemsUITests.m; sourceTree = "<group>"; };
		055642842011D6020035590B /* Info.plist */ = {isa = PBXFileReference; lastKnownFileType = text.plist.xml; path = Info.plist; sourceTree = "<group>"; };
		055642912011D6460035590B /* SmallItemView.h */ = {isa = PBXFileReference; fileEncoding = 4; lastKnownFileType = sourcecode.c.h; path = SmallItemView.h; sourceTree = "<group>"; };
		055642922011D6460035590B /* ItemScrollView.h */ = {isa = PBXFileReference; fileEncoding = 4; lastKnownFileType = sourcecode.c.h; path = ItemScrollView.h; sourceTree = "<group>"; };
		055642932011D6460035590B /* ItemScrollView.m */ = {isa = PBXFileReference; fileEncoding = 4; lastKnownFileType = sourcecode.c.objc; path = ItemScrollView.m; sourceTree = "<group>"; };
		055642942011D6460035590B /* SmallItemView.m */ = {isa = PBXFileReference; fileEncoding = 4; lastKnownFileType = sourcecode.c.objc; path = SmallItemView.m; sourceTree = "<group>"; };
		19858176C5A33BFA42539CA8 /* Pods-FFMoreItems.release.xcconfig */ = {isa = PBXFileReference; includeInIndex = 1; lastKnownFileType = text.xcconfig; name = "Pods-FFMoreItems.release.xcconfig"; path = "Pods/Target Support Files/Pods-FFMoreItems/Pods-FFMoreItems.release.xcconfig"; sourceTree = "<group>"; };
		E6B83076ED1FE51ADE2BEDA2 /* libPods-FFMoreItems.a */ = {isa = PBXFileReference; explicitFileType = archive.ar; includeInIndex = 0; path = "libPods-FFMoreItems.a"; sourceTree = BUILT_PRODUCTS_DIR; };
		E8375FC89FEBA372CFFDCA20 /* Pods-FFMoreItems.debug.xcconfig */ = {isa = PBXFileReference; includeInIndex = 1; lastKnownFileType = text.xcconfig; name = "Pods-FFMoreItems.debug.xcconfig"; path = "Pods/Target Support Files/Pods-FFMoreItems/Pods-FFMoreItems.debug.xcconfig"; sourceTree = "<group>"; };
/* End PBXFileReference section */

/* Begin PBXFrameworksBuildPhase section */
		055642582011D6020035590B /* Frameworks */ = {
			isa = PBXFrameworksBuildPhase;
			buildActionMask = 2147483647;
			files = (
				0943E28734ACCA3A9AF9D199 /* libPods-FFMoreItems.a in Frameworks */,
			);
			runOnlyForDeploymentPostprocessing = 0;
		};
		055642702011D6020035590B /* Frameworks */ = {
			isa = PBXFrameworksBuildPhase;
			buildActionMask = 2147483647;
			files = (
			);
			runOnlyForDeploymentPostprocessing = 0;
		};
		0556427B2011D6020035590B /* Frameworks */ = {
			isa = PBXFrameworksBuildPhase;
			buildActionMask = 2147483647;
			files = (
			);
			runOnlyForDeploymentPostprocessing = 0;
		};
/* End PBXFrameworksBuildPhase section */

/* Begin PBXGroup section */
		055642522011D6020035590B = {
			isa = PBXGroup;
			children = (
				0556425D2011D6020035590B /* FFMoreItems */,
				055642762011D6020035590B /* FFMoreItemsTests */,
				055642812011D6020035590B /* FFMoreItemsUITests */,
				0556425C2011D6020035590B /* Products */,
				829930AA48E5A2E08875D9A1 /* Pods */,
				07FACB5AB7B548E22693BA47 /* Frameworks */,
			);
			sourceTree = "<group>";
		};
		0556425C2011D6020035590B /* Products */ = {
			isa = PBXGroup;
			children = (
				0556425B2011D6020035590B /* FFMoreItems.app */,
				055642732011D6020035590B /* FFMoreItemsTests.xctest */,
				0556427E2011D6020035590B /* FFMoreItemsUITests.xctest */,
			);
			name = Products;
			sourceTree = "<group>";
		};
		0556425D2011D6020035590B /* FFMoreItems */ = {
			isa = PBXGroup;
			children = (
				055642902011D6460035590B /* FFScrollItems */,
				0556425E2011D6020035590B /* AppDelegate.h */,
				0556425F2011D6020035590B /* AppDelegate.m */,
				055642612011D6020035590B /* ViewController.h */,
				055642622011D6020035590B /* ViewController.m */,
				055642642011D6020035590B /* Main.storyboard */,
				055642672011D6020035590B /* Assets.xcassets */,
				055642692011D6020035590B /* LaunchScreen.storyboard */,
				0556426C2011D6020035590B /* Info.plist */,
				0556426D2011D6020035590B /* main.m */,
			);
			path = FFMoreItems;
			sourceTree = "<group>";
		};
		055642762011D6020035590B /* FFMoreItemsTests */ = {
			isa = PBXGroup;
			children = (
				055642772011D6020035590B /* FFMoreItemsTests.m */,
				055642792011D6020035590B /* Info.plist */,
			);
			path = FFMoreItemsTests;
			sourceTree = "<group>";
		};
		055642812011D6020035590B /* FFMoreItemsUITests */ = {
			isa = PBXGroup;
			children = (
				055642822011D6020035590B /* FFMoreItemsUITests.m */,
				055642842011D6020035590B /* Info.plist */,
			);
			path = FFMoreItemsUITests;
			sourceTree = "<group>";
		};
		055642902011D6460035590B /* FFScrollItems */ = {
			isa = PBXGroup;
			children = (
				055642912011D6460035590B /* SmallItemView.h */,
				055642942011D6460035590B /* SmallItemView.m */,
				055642922011D6460035590B /* ItemScrollView.h */,
				055642932011D6460035590B /* ItemScrollView.m */,
			);
			path = FFScrollItems;
			sourceTree = "<group>";
		};
		07FACB5AB7B548E22693BA47 /* Frameworks */ = {
			isa = PBXGroup;
			children = (
				E6B83076ED1FE51ADE2BEDA2 /* libPods-FFMoreItems.a */,
			);
			name = Frameworks;
			sourceTree = "<group>";
		};
		829930AA48E5A2E08875D9A1 /* Pods */ = {
			isa = PBXGroup;
			children = (
				E8375FC89FEBA372CFFDCA20 /* Pods-FFMoreItems.debug.xcconfig */,
				19858176C5A33BFA42539CA8 /* Pods-FFMoreItems.release.xcconfig */,
			);
			name = Pods;
			sourceTree = "<group>";
		};
/* End PBXGroup section */

/* Begin PBXNativeTarget section */
		0556425A2011D6020035590B /* FFMoreItems */ = {
			isa = PBXNativeTarget;
			buildConfigurationList = 055642872011D6020035590B /* Build configuration list for PBXNativeTarget "FFMoreItems" */;
			buildPhases = (
				D9FEE9F69741721CE0D45A51 /* [CP] Check Pods Manifest.lock */,
				055642572011D6020035590B /* Sources */,
				055642582011D6020035590B /* Frameworks */,
				055642592011D6020035590B /* Resources */,
				B61CF0DCAFED915B18557932 /* [CP] Embed Pods Frameworks */,
				5FB55681BBDA06F4F10FE845 /* [CP] Copy Pods Resources */,
			);
			buildRules = (
			);
			dependencies = (
			);
			name = FFMoreItems;
			productName = FFMoreItems;
			productReference = 0556425B2011D6020035590B /* FFMoreItems.app */;
			productType = "com.apple.product-type.application";
		};
		055642722011D6020035590B /* FFMoreItemsTests */ = {
			isa = PBXNativeTarget;
			buildConfigurationList = 0556428A2011D6020035590B /* Build configuration list for PBXNativeTarget "FFMoreItemsTests" */;
			buildPhases = (
				0556426F2011D6020035590B /* Sources */,
				055642702011D6020035590B /* Frameworks */,
				055642712011D6020035590B /* Resources */,
			);
			buildRules = (
			);
			dependencies = (
				055642752011D6020035590B /* PBXTargetDependency */,
			);
			name = FFMoreItemsTests;
			productName = FFMoreItemsTests;
			productReference = 055642732011D6020035590B /* FFMoreItemsTests.xctest */;
			productType = "com.apple.product-type.bundle.unit-test";
		};
		0556427D2011D6020035590B /* FFMoreItemsUITests */ = {
			isa = PBXNativeTarget;
			buildConfigurationList = 0556428D2011D6020035590B /* Build configuration list for PBXNativeTarget "FFMoreItemsUITests" */;
			buildPhases = (
				0556427A2011D6020035590B /* Sources */,
				0556427B2011D6020035590B /* Frameworks */,
				0556427C2011D6020035590B /* Resources */,
			);
			buildRules = (
			);
			dependencies = (
				055642802011D6020035590B /* PBXTargetDependency */,
			);
			name = FFMoreItemsUITests;
			productName = FFMoreItemsUITests;
			productReference = 0556427E2011D6020035590B /* FFMoreItemsUITests.xctest */;
			productType = "com.apple.product-type.bundle.ui-testing";
		};
/* End PBXNativeTarget section */

/* Begin PBXProject section */
		055642532011D6020035590B /* Project object */ = {
			isa = PBXProject;
			attributes = {
				LastUpgradeCheck = 0920;
				ORGANIZATIONNAME = YuanHui;
				TargetAttributes = {
					0556425A2011D6020035590B = {
						CreatedOnToolsVersion = 9.2;
						ProvisioningStyle = Automatic;
					};
					055642722011D6020035590B = {
						CreatedOnToolsVersion = 9.2;
						ProvisioningStyle = Automatic;
						TestTargetID = 0556425A2011D6020035590B;
					};
					0556427D2011D6020035590B = {
						CreatedOnToolsVersion = 9.2;
						ProvisioningStyle = Automatic;
						TestTargetID = 0556425A2011D6020035590B;
					};
				};
			};
			buildConfigurationList = 055642562011D6020035590B /* Build configuration list for PBXProject "FFMoreItems" */;
			compatibilityVersion = "Xcode 8.0";
			developmentRegion = en;
			hasScannedForEncodings = 0;
			knownRegions = (
				en,
				Base,
			);
			mainGroup = 055642522011D6020035590B;
			productRefGroup = 0556425C2011D6020035590B /* Products */;
			projectDirPath = "";
			projectRoot = "";
			targets = (
				0556425A2011D6020035590B /* FFMoreItems */,
				055642722011D6020035590B /* FFMoreItemsTests */,
				0556427D2011D6020035590B /* FFMoreItemsUITests */,
			);
		};
/* End PBXProject section */

/* Begin PBXResourcesBuildPhase section */
		055642592011D6020035590B /* Resources */ = {
			isa = PBXResourcesBuildPhase;
			buildActionMask = 2147483647;
			files = (
				0556426B2011D6020035590B /* LaunchScreen.storyboard in Resources */,
				055642682011D6020035590B /* Assets.xcassets in Resources */,
				055642662011D6020035590B /* Main.storyboard in Resources */,
			);
			runOnlyForDeploymentPostprocessing = 0;
		};
		055642712011D6020035590B /* Resources */ = {
			isa = PBXResourcesBuildPhase;
			buildActionMask = 2147483647;
			files = (
			);
			runOnlyForDeploymentPostprocessing = 0;
		};
		0556427C2011D6020035590B /* Resources */ = {
			isa = PBXResourcesBuildPhase;
			buildActionMask = 2147483647;
			files = (
			);
			runOnlyForDeploymentPostprocessing = 0;
		};
/* End PBXResourcesBuildPhase section */

/* Begin PBXShellScriptBuildPhase section */
		5FB55681BBDA06F4F10FE845 /* [CP] Copy Pods Resources */ = {
			isa = PBXShellScriptBuildPhase;
			buildActionMask = 2147483647;
			files = (
			);
			inputPaths = (
			);
			name = "[CP] Copy Pods Resources";
			outputPaths = (
			);
			runOnlyForDeploymentPostprocessing = 0;
			shellPath = /bin/sh;
			shellScript = "\"${SRCROOT}/Pods/Target Support Files/Pods-FFMoreItems/Pods-FFMoreItems-resources.sh\"\n";
			showEnvVarsInLog = 0;
		};
		B61CF0DCAFED915B18557932 /* [CP] Embed Pods Frameworks */ = {
			isa = PBXShellScriptBuildPhase;
			buildActionMask = 2147483647;
			files = (
			);
			inputPaths = (
			);
			name = "[CP] Embed Pods Frameworks";
			outputPaths = (
			);
			runOnlyForDeploymentPostprocessing = 0;
			shellPath = /bin/sh;
			shellScript = "\"${SRCROOT}/Pods/Target Support Files/Pods-FFMoreItems/Pods-FFMoreItems-frameworks.sh\"\n";
			showEnvVarsInLog = 0;
		};
		D9FEE9F69741721CE0D45A51 /* [CP] Check Pods Manifest.lock */ = {
			isa = PBXShellScriptBuildPhase;
			buildActionMask = 2147483647;
			files = (
			);
			inputPaths = (
				"${PODS_PODFILE_DIR_PATH}/Podfile.lock",
				"${PODS_ROOT}/Manifest.lock",
			);
			name = "[CP] Check Pods Manifest.lock";
			outputPaths = (
				"$(DERIVED_FILE_DIR)/Pods-FFMoreItems-checkManifestLockResult.txt",
			);
			runOnlyForDeploymentPostprocessing = 0;
			shellPath = /bin/sh;
			shellScript = "diff \"${PODS_PODFILE_DIR_PATH}/Podfile.lock\" \"${PODS_ROOT}/Manifest.lock\" > /dev/null\nif [ $? != 0 ] ; then\n    # print error to STDERR\n    echo \"error: The sandbox is not in sync with the Podfile.lock. Run 'pod install' or update your CocoaPods installation.\" >&2\n    exit 1\nfi\n# This output is used by Xcode 'outputs' to avoid re-running this script phase.\necho \"SUCCESS\" > \"${SCRIPT_OUTPUT_FILE_0}\"\n";
			showEnvVarsInLog = 0;
		};
/* End PBXShellScriptBuildPhase section */

/* Begin PBXSourcesBuildPhase section */
		055642572011D6020035590B /* Sources */ = {
			isa = PBXSourcesBuildPhase;
			buildActionMask = 2147483647;
			files = (
				055642952011D6460035590B /* ItemScrollView.m in Sources */,
				055642962011D6460035590B /* SmallItemView.m in Sources */,
				055642632011D6020035590B /* ViewController.m in Sources */,
				0556426E2011D6020035590B /* main.m in Sources */,
				055642602011D6020035590B /* AppDelegate.m in Sources */,
			);
			runOnlyForDeploymentPostprocessing = 0;
		};
		0556426F2011D6020035590B /* Sources */ = {
			isa = PBXSourcesBuildPhase;
			buildActionMask = 2147483647;
			files = (
				055642782011D6020035590B /* FFMoreItemsTests.m in Sources */,
			);
			runOnlyForDeploymentPostprocessing = 0;
		};
		0556427A2011D6020035590B /* Sources */ = {
			isa = PBXSourcesBuildPhase;
			buildActionMask = 2147483647;
			files = (
				055642832011D6020035590B /* FFMoreItemsUITests.m in Sources */,
			);
			runOnlyForDeploymentPostprocessing = 0;
		};
/* End PBXSourcesBuildPhase section */

/* Begin PBXTargetDependency section */
		055642752011D6020035590B /* PBXTargetDependency */ = {
			isa = PBXTargetDependency;
			target = 0556425A2011D6020035590B /* FFMoreItems */;
			targetProxy = 055642742011D6020035590B /* PBXContainerItemProxy */;
		};
		055642802011D6020035590B /* PBXTargetDependency */ = {
			isa = PBXTargetDependency;
			target = 0556425A2011D6020035590B /* FFMoreItems */;
			targetProxy = 0556427F2011D6020035590B /* PBXContainerItemProxy */;
		};
/* End PBXTargetDependency section */

/* Begin PBXVariantGroup section */
		055642642011D6020035590B /* Main.storyboard */ = {
			isa = PBXVariantGroup;
			children = (
				055642652011D6020035590B /* Base */,
			);
			name = Main.storyboard;
			sourceTree = "<group>";
		};
		055642692011D6020035590B /* LaunchScreen.storyboard */ = {
			isa = PBXVariantGroup;
			children = (
				0556426A2011D6020035590B /* Base */,
			);
			name = LaunchScreen.storyboard;
			sourceTree = "<group>";
		};
/* End PBXVariantGroup section */

/* Begin XCBuildConfiguration section */
		055642852011D6020035590B /* Debug */ = {
			isa = XCBuildConfiguration;
			buildSettings = {
				ALWAYS_SEARCH_USER_PATHS = NO;
				CLANG_ANALYZER_NONNULL = YES;
				CLANG_ANALYZER_NUMBER_OBJECT_CONVERSION = YES_AGGRESSIVE;
				CLANG_CXX_LANGUAGE_STANDARD = "gnu++14";
				CLANG_CXX_LIBRARY = "libc++";
				CLANG_ENABLE_MODULES = YES;
				CLANG_ENABLE_OBJC_ARC = YES;
				CLANG_WARN_BLOCK_CAPTURE_AUTORELEASING = YES;
				CLANG_WARN_BOOL_CONVERSION = YES;
				CLANG_WARN_COMMA = YES;
				CLANG_WARN_CONSTANT_CONVERSION = YES;
				CLANG_WARN_DIRECT_OBJC_ISA_USAGE = YES_ERROR;
				CLANG_WARN_DOCUMENTATION_COMMENTS = YES;
				CLANG_WARN_EMPTY_BODY = YES;
				CLANG_WARN_ENUM_CONVERSION = YES;
				CLANG_WARN_INFINITE_RECURSION = YES;
				CLANG_WARN_INT_CONVERSION = YES;
				CLANG_WARN_NON_LITERAL_NULL_CONVERSION = YES;
				CLANG_WARN_OBJC_LITERAL_CONVERSION = YES;
				CLANG_WARN_OBJC_ROOT_CLASS = YES_ERROR;
				CLANG_WARN_RANGE_LOOP_ANALYSIS = YES;
				CLANG_WARN_STRICT_PROTOTYPES = YES;
				CLANG_WARN_SUSPICIOUS_MOVE = YES;
				CLANG_WARN_UNGUARDED_AVAILABILITY = YES_AGGRESSIVE;
				CLANG_WARN_UNREACHABLE_CODE = YES;
				CLANG_WARN__DUPLICATE_METHOD_MATCH = YES;
				CODE_SIGN_IDENTITY = "iPhone Developer";
				COPY_PHASE_STRIP = NO;
				DEBUG_INFORMATION_FORMAT = dwarf;
				ENABLE_STRICT_OBJC_MSGSEND = YES;
				ENABLE_TESTABILITY = YES;
				GCC_C_LANGUAGE_STANDARD = gnu11;
				GCC_DYNAMIC_NO_PIC = NO;
				GCC_NO_COMMON_BLOCKS = YES;
				GCC_OPTIMIZATION_LEVEL = 0;
				GCC_PREPROCESSOR_DEFINITIONS = (
					"DEBUG=1",
					"$(inherited)",
				);
				GCC_WARN_64_TO_32_BIT_CONVERSION = YES;
				GCC_WARN_ABOUT_RETURN_TYPE = YES_ERROR;
				GCC_WARN_UNDECLARED_SELECTOR = YES;
				GCC_WARN_UNINITIALIZED_AUTOS = YES_AGGRESSIVE;
				GCC_WARN_UNUSED_FUNCTION = YES;
				GCC_WARN_UNUSED_VARIABLE = YES;
				IPHONEOS_DEPLOYMENT_TARGET = 11.2;
				MTL_ENABLE_DEBUG_INFO = YES;
				ONLY_ACTIVE_ARCH = YES;
				SDKROOT = iphoneos;
			};
			name = Debug;
		};
		055642862011D6020035590B /* Release */ = {
			isa = XCBuildConfiguration;
			buildSettings = {
				ALWAYS_SEARCH_USER_PATHS = NO;
				CLANG_ANALYZER_NONNULL = YES;
				CLANG_ANALYZER_NUMBER_OBJECT_CONVERSION = YES_AGGRESSIVE;
				CLANG_CXX_LANGUAGE_STANDARD = "gnu++14";
				CLANG_CXX_LIBRARY = "libc++";
				CLANG_ENABLE_MODULES = YES;
				CLANG_ENABLE_OBJC_ARC = YES;
				CLANG_WARN_BLOCK_CAPTURE_AUTORELEASING = YES;
				CLANG_WARN_BOOL_CONVERSION = YES;
				CLANG_WARN_COMMA = YES;
				CLANG_WARN_CONSTANT_CONVERSION = YES;
				CLANG_WARN_DIRECT_OBJC_ISA_USAGE = YES_ERROR;
				CLANG_WARN_DOCUMENTATION_COMMENTS = YES;
				CLANG_WARN_EMPTY_BODY = YES;
				CLANG_WARN_ENUM_CONVERSION = YES;
				CLANG_WARN_INFINITE_RECURSION = YES;
				CLANG_WARN_INT_CONVERSION = YES;
				CLANG_WARN_NON_LITERAL_NULL_CONVERSION = YES;
				CLANG_WARN_OBJC_LITERAL_CONVERSION = YES;
				CLANG_WARN_OBJC_ROOT_CLASS = YES_ERROR;
				CLANG_WARN_RANGE_LOOP_ANALYSIS = YES;
				CLANG_WARN_STRICT_PROTOTYPES = YES;
				CLANG_WARN_SUSPICIOUS_MOVE = YES;
				CLANG_WARN_UNGUARDED_AVAILABILITY = YES_AGGRESSIVE;
				CLANG_WARN_UNREACHABLE_CODE = YES;
				CLANG_WARN__DUPLICATE_METHOD_MATCH = YES;
				CODE_SIGN_IDENTITY = "iPhone Developer";
				COPY_PHASE_STRIP = NO;
				DEBUG_INFORMATION_FORMAT = "dwarf-with-dsym";
				ENABLE_NS_ASSERTIONS = NO;
				ENABLE_STRICT_OBJC_MSGSEND = YES;
				GCC_C_LANGUAGE_STANDARD = gnu11;
				GCC_NO_COMMON_BLOCKS = YES;
				GCC_WARN_64_TO_32_BIT_CONVERSION = YES;
				GCC_WARN_ABOUT_RETURN_TYPE = YES_ERROR;
				GCC_WARN_UNDECLARED_SELECTOR = YES;
				GCC_WARN_UNINITIALIZED_AUTOS = YES_AGGRESSIVE;
				GCC_WARN_UNUSED_FUNCTION = YES;
				GCC_WARN_UNUSED_VARIABLE = YES;
				IPHONEOS_DEPLOYMENT_TARGET = 11.2;
				MTL_ENABLE_DEBUG_INFO = NO;
				SDKROOT = iphoneos;
				VALIDATE_PRODUCT = YES;
			};
			name = Release;
		};
		055642882011D6020035590B /* Debug */ = {
			isa = XCBuildConfiguration;
			baseConfigurationReference = E8375FC89FEBA372CFFDCA20 /* Pods-FFMoreItems.debug.xcconfig */;
			buildSettings = {
				ASSETCATALOG_COMPILER_APPICON_NAME = AppIcon;
				CODE_SIGN_STYLE = Automatic;
				DEVELOPMENT_TEAM = 93P8KM7H35;
				INFOPLIST_FILE = FFMoreItems/Info.plist;
				LD_RUNPATH_SEARCH_PATHS = "$(inherited) @executable_path/Frameworks";
				PRODUCT_BUNDLE_IDENTIFIER = YuanHui.FFMoreItems;
				PRODUCT_NAME = "$(TARGET_NAME)";
				TARGETED_DEVICE_FAMILY = "1,2";
			};
			name = Debug;
		};
		055642892011D6020035590B /* Release */ = {
			isa = XCBuildConfiguration;
			baseConfigurationReference = 19858176C5A33BFA42539CA8 /* Pods-FFMoreItems.release.xcconfig */;
			buildSettings = {
				ASSETCATALOG_COMPILER_APPICON_NAME = AppIcon;
				CODE_SIGN_STYLE = Automatic;
				DEVELOPMENT_TEAM = 93P8KM7H35;
				INFOPLIST_FILE = FFMoreItems/Info.plist;
				LD_RUNPATH_SEARCH_PATHS = "$(inherited) @executable_path/Frameworks";
				PRODUCT_BUNDLE_IDENTIFIER = YuanHui.FFMoreItems;
				PRODUCT_NAME = "$(TARGET_NAME)";
				TARGETED_DEVICE_FAMILY = "1,2";
			};
			name = Release;
		};
		0556428B2011D6020035590B /* Debug */ = {
			isa = XCBuildConfiguration;
			buildSettings = {
				BUNDLE_LOADER = "$(TEST_HOST)";
				CODE_SIGN_STYLE = Automatic;
				DEVELOPMENT_TEAM = 93P8KM7H35;
				INFOPLIST_FILE = FFMoreItemsTests/Info.plist;
				LD_RUNPATH_SEARCH_PATHS = "$(inherited) @executable_path/Frameworks @loader_path/Frameworks";
				PRODUCT_BUNDLE_IDENTIFIER = YuanHui.FFMoreItemsTests;
				PRODUCT_NAME = "$(TARGET_NAME)";
				TARGETED_DEVICE_FAMILY = "1,2";
				TEST_HOST = "$(BUILT_PRODUCTS_DIR)/FFMoreItems.app/FFMoreItems";
			};
			name = Debug;
		};
		0556428C2011D6020035590B /* Release */ = {
			isa = XCBuildConfiguration;
			buildSettings = {
				BUNDLE_LOADER = "$(TEST_HOST)";
				CODE_SIGN_STYLE = Automatic;
				DEVELOPMENT_TEAM = 93P8KM7H35;
				INFOPLIST_FILE = FFMoreItemsTests/Info.plist;
				LD_RUNPATH_SEARCH_PATHS = "$(inherited) @executable_path/Frameworks @loader_path/Frameworks";
				PRODUCT_BUNDLE_IDENTIFIER = YuanHui.FFMoreItemsTests;
				PRODUCT_NAME = "$(TARGET_NAME)";
				TARGETED_DEVICE_FAMILY = "1,2";
				TEST_HOST = "$(BUILT_PRODUCTS_DIR)/FFMoreItems.app/FFMoreItems";
			};
			name = Release;
		};
		0556428E2011D6020035590B /* Debug */ = {
			isa = XCBuildConfiguration;
			buildSettings = {
				CODE_SIGN_STYLE = Automatic;
				DEVELOPMENT_TEAM = 93P8KM7H35;
				INFOPLIST_FILE = FFMoreItemsUITests/Info.plist;
				LD_RUNPATH_SEARCH_PATHS = "$(inherited) @executable_path/Frameworks @loader_path/Frameworks";
				PRODUCT_BUNDLE_IDENTIFIER = YuanHui.FFMoreItemsUITests;
				PRODUCT_NAME = "$(TARGET_NAME)";
				TARGETED_DEVICE_FAMILY = "1,2";
				TEST_TARGET_NAME = FFMoreItems;
			};
			name = Debug;
		};
		0556428F2011D6020035590B /* Release */ = {
			isa = XCBuildConfiguration;
			buildSettings = {
				CODE_SIGN_STYLE = Automatic;
				DEVELOPMENT_TEAM = 93P8KM7H35;
				INFOPLIST_FILE = FFMoreItemsUITests/Info.plist;
				LD_RUNPATH_SEARCH_PATHS = "$(inherited) @executable_path/Frameworks @loader_path/Frameworks";
				PRODUCT_BUNDLE_IDENTIFIER = YuanHui.FFMoreItemsUITests;
				PRODUCT_NAME = "$(TARGET_NAME)";
				TARGETED_DEVICE_FAMILY = "1,2";
				TEST_TARGET_NAME = FFMoreItems;
			};
			name = Release;
		};
/* End XCBuildConfiguration section */

/* Begin XCConfigurationList section */
		055642562011D6020035590B /* Build configuration list for PBXProject "FFMoreItems" */ = {
			isa = XCConfigurationList;
			buildConfigurations = (
				055642852011D6020035590B /* Debug */,
				055642862011D6020035590B /* Release */,
			);
			defaultConfigurationIsVisible = 0;
			defaultConfigurationName = Release;
		};
		055642872011D6020035590B /* Build configuration list for PBXNativeTarget "FFMoreItems" */ = {
			isa = XCConfigurationList;
			buildConfigurations = (
				055642882011D6020035590B /* Debug */,
				055642892011D6020035590B /* Release */,
			);
			defaultConfigurationIsVisible = 0;
			defaultConfigurationName = Release;
		};
		0556428A2011D6020035590B /* Build configuration list for PBXNativeTarget "FFMoreItemsTests" */ = {
			isa = XCConfigurationList;
			buildConfigurations = (
				0556428B2011D6020035590B /* Debug */,
				0556428C2011D6020035590B /* Release */,
			);
			defaultConfigurationIsVisible = 0;
			defaultConfigurationName = Release;
		};
		0556428D2011D6020035590B /* Build configuration list for PBXNativeTarget "FFMoreItemsUITests" */ = {
			isa = XCConfigurationList;
			buildConfigurations = (
				0556428E2011D6020035590B /* Debug */,
				0556428F2011D6020035590B /* Release */,
			);
			defaultConfigurationIsVisible = 0;
			defaultConfigurationName = Release;
		};
/* End XCConfigurationList section */
	};
	rootObject = 055642532011D6020035590B /* Project object */;
}
